
Microsoft Visual Studio Solution File, Format Version 12.00
# Visual Studio Version 16
VisualStudioVersion = 16.0.30907.101
MinimumVisualStudioVersion = 10.0.40219.1
Project("{FAE04EC0-301F-11D3-BF4B-00C04F79EFBC}") = "Parcial1-AP2-Enyer-Holguin", "Parcial1-AP2-Enyer-Holguin\Parcial1-AP2-Enyer-Holguin.csproj", "{1B7CB178-5ED9-40B4-A097-FE6C111D0DC0}"
EndProject
Global
	GlobalSection(SolutionConfigurationPlatforms) = preSolution
		Debug|Any CPU = Debug|Any CPU
		Release|Any CPU = Release|Any CPU
	EndGlobalSection
	GlobalSection(ProjectConfigurationPlatforms) = postSolution
		{1B7CB178-5ED9-40B4-A097-FE6C111D0DC0}.Debug|Any CPU.ActiveCfg = Debug|Any CPU
		{1B7CB178-5ED9-40B4-A097-FE6C111D0DC0}.Debug|Any CPU.Build.0 = Debug|Any CPU
		{1B7CB178-5ED9-40B4-A097-FE6C111D0DC0}.Release|Any CPU.ActiveCfg = Release|Any CPU
		{1B7CB178-5ED9-40B4-A097-FE6C111D0DC0}.Release|Any CPU.Build.0 = Release|Any CPU
	EndGlobalSection
	GlobalSection(SolutionProperties) = preSolution
		HideSolutionNode = FALSE
	EndGlobalSection
	GlobalSection(ExtensibilityGlobals) = postSolution
		SolutionGuid = {DD9273CA-EE24-4C0C-8B50-4FBC988231A7}
	EndGlobalSection
EndGlobal
